
Microsoft Visual Studio Solution File, Format Version 12.00
# Visual Studio 15
VisualStudioVersion = 15.0.28307.489
MinimumVisualStudioVersion = 10.0.40219.1
Project("{9A19103F-16F7-4668-BE54-9A1E7A4F7556}") = "CoreSenderApp", "ConsoleAppMessageSender1\CoreSenderApp.csproj", "{C6FA0D6B-8F9B-4D16-A944-0B63B4350D9C}"
EndProject
Project("{9A19103F-16F7-4668-BE54-9A1E7A4F7556}") = "CoreReceiverApp", "CoreReceiverApp\CoreReceiverApp.csproj", "{8FA98424-2698-43F9-A752-05F98A910CF5}"
EndProject
Project("{FAE04EC0-301F-11D3-BF4B-00C04F79EFBC}") = "MultipleSubscriptionUpdateUsingTopics", "MultipleSubscriptionUpdateUsingTopics\MultipleSubscriptionUpdateUsingTopics.csproj", "{DFA45124-6E69-4725-93E9-8ED0FF4100D3}"
EndProject
Global
	GlobalSection(SolutionConfigurationPlatforms) = preSolution
		Debug|Any CPU = Debug|Any CPU
		Release|Any CPU = Release|Any CPU
	EndGlobalSection
	GlobalSection(ProjectConfigurationPlatforms) = postSolution
		{C6FA0D6B-8F9B-4D16-A944-0B63B4350D9C}.Debug|Any CPU.ActiveCfg = Debug|Any CPU
		{C6FA0D6B-8F9B-4D16-A944-0B63B4350D9C}.Debug|Any CPU.Build.0 = Debug|Any CPU
		{C6FA0D6B-8F9B-4D16-A944-0B63B4350D9C}.Release|Any CPU.ActiveCfg = Release|Any CPU
		{C6FA0D6B-8F9B-4D16-A944-0B63B4350D9C}.Release|Any CPU.Build.0 = Release|Any CPU
		{8FA98424-2698-43F9-A752-05F98A910CF5}.Debug|Any CPU.ActiveCfg = Debug|Any CPU
		{8FA98424-2698-43F9-A752-05F98A910CF5}.Debug|Any CPU.Build.0 = Debug|Any CPU
		{8FA98424-2698-43F9-A752-05F98A910CF5}.Release|Any CPU.ActiveCfg = Release|Any CPU
		{8FA98424-2698-43F9-A752-05F98A910CF5}.Release|Any CPU.Build.0 = Release|Any CPU
		{DFA45124-6E69-4725-93E9-8ED0FF4100D3}.Debug|Any CPU.ActiveCfg = Debug|Any CPU
		{DFA45124-6E69-4725-93E9-8ED0FF4100D3}.Debug|Any CPU.Build.0 = Debug|Any CPU
		{DFA45124-6E69-4725-93E9-8ED0FF4100D3}.Release|Any CPU.ActiveCfg = Release|Any CPU
		{DFA45124-6E69-4725-93E9-8ED0FF4100D3}.Release|Any CPU.Build.0 = Release|Any CPU
	EndGlobalSection
	GlobalSection(SolutionProperties) = preSolution
		HideSolutionNode = FALSE
	EndGlobalSection
	GlobalSection(ExtensibilityGlobals) = postSolution
		SolutionGuid = {1D9E77EC-7776-46C3-917D-8005EEDB3CE6}
	EndGlobalSection
EndGlobal
